Microsoft Visual Studio Solution File, Format Version 12.00
# Visual Studio Version 17
VisualStudioVersion = 17.5.2.0
MinimumVisualStudioVersion = 10.0.40219.1
Project("{FAE04EC0-301F-11D3-BF4B-00C04F79EFBC}") = "WearWare", "WearWare.csproj", "{0A9A5613-4092-453B-69CB-9A0C8B00CA5B}"
EndProject
Global
	GlobalSection(SolutionConfigurationPlatforms) = preSolution
		Debug|Any CPU = Debug|Any CPU
		Release|Any CPU = Release|Any CPU
	EndGlobalSection
	GlobalSection(ProjectConfigurationPlatforms) = postSolution
		{0A9A5613-4092-453B-69CB-9A0C8B00CA5B}.Debug|Any CPU.ActiveCfg = Debug|Any CPU
		{0A9A5613-4092-453B-69CB-9A0C8B00CA5B}.Debug|Any CPU.Build.0 = Debug|Any CPU
		{0A9A5613-4092-453B-69CB-9A0C8B00CA5B}.Release|Any CPU.ActiveCfg = Release|Any CPU
		{0A9A5613-4092-453B-69CB-9A0C8B00CA5B}.Release|Any CPU.Build.0 = Release|Any CPU
	EndGlobalSection
	GlobalSection(SolutionProperties) = preSolution
		HideSolutionNode = FALSE
	EndGlobalSection
	GlobalSection(ExtensibilityGlobals) = postSolution
		SolutionGuid = {45738326-8215-4914-9E64-0AAFFF19BEC1}
	EndGlobalSection
EndGlobal
